
Microsoft Visual Studio Solution File, Format Version 12.00
# Visual Studio Version 17
VisualStudioVersion = 17.9.34607.119
MinimumVisualStudioVersion = 10.0.40219.1
Project("{FAE04EC0-301F-11D3-BF4B-00C04F79EFBC}") = "GAPDOLLS", "GAPDOLLS\GAPDOLLS.csproj", "{59384859-AB90-4460-9AA5-B999136160AB}"
EndProject
Global
	GlobalSection(SolutionConfigurationPlatforms) = preSolution
		Debug|Any CPU = Debug|Any CPU
		Release|Any CPU = Release|Any CPU
	EndGlobalSection
	GlobalSection(ProjectConfigurationPlatforms) = postSolution
		{59384859-AB90-4460-9AA5-B999136160AB}.Debug|Any CPU.ActiveCfg = Debug|Any CPU
		{59384859-AB90-4460-9AA5-B999136160AB}.Debug|Any CPU.Build.0 = Debug|Any CPU
		{59384859-AB90-4460-9AA5-B999136160AB}.Release|Any CPU.ActiveCfg = Release|Any CPU
		{59384859-AB90-4460-9AA5-B999136160AB}.Release|Any CPU.Build.0 = Release|Any CPU
	EndGlobalSection
	GlobalSection(SolutionProperties) = preSolution
		HideSolutionNode = FALSE
	EndGlobalSection
	GlobalSection(ExtensibilityGlobals) = postSolution
		SolutionGuid = {6F37EA0A-B393-4F21-8F13-A7E33D522859}
	EndGlobalSection
EndGlobal
